// !$*UTF8*$!
{
	archiveVersion = 1;
	classes = {
	};
	objectVersion = 46;
	objects = {

/* Begin PBXBuildFile section */
		CD3A38CE1DBFFE1F00642C27 /* waveletFilter.h in Sources */ = {isa = PBXBuildFile; fileRef = CD3A38CD1DBFFE1F00642C27 /* waveletFilter.h */; };
		CDCE027A1DC0171200FE53FC /* waveletTransform.h in Sources */ = {isa = PBXBuildFile; fileRef = CDCE02791DC0171200FE53FC /* waveletTransform.h */; };
		CDF7044B1DBF1B5D0000807E /* main.cpp in Sources */ = {isa = PBXBuildFile; fileRef = CDF7044A1DBF1B5D0000807E /* main.cpp */; };
/* End PBXBuildFile section */

/* Begin PBXCopyFilesBuildPhase section */
		CDF704451DBF1B5D0000807E /* CopyFiles */ = {
			isa = PBXCopyFilesBuildPhase;
			buildActionMask = 2147483647;
			dstPath = /usr/share/man/man1/;
			dstSubfolderSpec = 0;
			files = (
			);
			runOnlyForDeploymentPostprocessing = 1;
		};
/* End PBXCopyFilesBuildPhase section */

/* Begin PBXFileReference section */
		CD3A38CD1DBFFE1F00642C27 /* waveletFilter.h */ = {isa = PBXFileReference; fileEncoding = 4; lastKnownFileType = sourcecode.c.h; path = waveletFilter.h; sourceTree = "<group>"; };
		CDCE02791DC0171200FE53FC /* waveletTransform.h */ = {isa = PBXFileReference; fileEncoding = 4; lastKnownFileType = sourcecode.c.h; path = waveletTransform.h; sourceTree = "<group>"; };
		CDF704471DBF1B5D0000807E /* wavelet */ = {isa = PBXFileReference; explicitFileType = "compiled.mach-o.executable"; includeInIndex = 0; path = wavelet; sourceTree = BUILT_PRODUCTS_DIR; };
		CDF7044A1DBF1B5D0000807E /* main.cpp */ = {isa = PBXFileReference; lastKnownFileType = sourcecode.cpp.cpp; path = main.cpp; sourceTree = "<group>"; };
/* End PBXFileReference section */

/* Begin PBXFrameworksBuildPhase section */
		CDF704441DBF1B5D0000807E /* Frameworks */ = {
			isa = PBXFrameworksBuildPhase;
			buildActionMask = 2147483647;
			files = (
			);
			runOnlyForDeploymentPostprocessing = 0;
		};
/* End PBXFrameworksBuildPhase section */

/* Begin PBXGroup section */
		CDF7043E1DBF1B5D0000807E = {
			isa = PBXGroup;
			children = (
				CDF704491DBF1B5D0000807E /* wavelet */,
				CDF704481DBF1B5D0000807E /* Products */,
			);
			sourceTree = "<group>";
		};
		CDF704481DBF1B5D0000807E /* Products */ = {
			isa = PBXGroup;
			children = (
				CDF704471DBF1B5D0000807E /* wavelet */,
			);
			name = Products;
			sourceTree = "<group>";
		};
		CDF704491DBF1B5D0000807E /* wavelet */ = {
			isa = PBXGroup;
			children = (
				CDF7044A1DBF1B5D0000807E /* main.cpp */,
				CD3A38CD1DBFFE1F00642C27 /* waveletFilter.h */,
				CDCE02791DC0171200FE53FC /* waveletTransform.h */,
			);
			path = wavelet;
			sourceTree = "<group>";
		};
/* End PBXGroup section */

/* Begin PBXNativeTarget section */
		CDF704461DBF1B5D0000807E /* wavelet */ = {
			isa = PBXNativeTarget;
			buildConfigurationList = CDF7044E1DBF1B5D0000807E /* Build configuration list for PBXNativeTarget "wavelet" */;
			buildPhases = (
				CDF704431DBF1B5D0000807E /* Sources */,
				CDF704441DBF1B5D0000807E /* Frameworks */,
				CDF704451DBF1B5D0000807E /* CopyFiles */,
			);
			buildRules = (
			);
			dependencies = (
			);
			name = wavelet;
			productName = wavelet;
			productReference = CDF704471DBF1B5D0000807E /* wavelet */;
			productType = "com.apple.product-type.tool";
		};
/* End PBXNativeTarget section */

/* Begin PBXProject section */
		CDF7043F1DBF1B5D0000807E /* Project object */ = {
			isa = PBXProject;
			attributes = {
				LastUpgradeCheck = 0800;
				ORGANIZATIONNAME = vincent;
				TargetAttributes = {
					CDF704461DBF1B5D0000807E = {
						CreatedOnToolsVersion = 8.0;
						ProvisioningStyle = Automatic;
					};
				};
			};
			buildConfigurationList = CDF704421DBF1B5D0000807E /* Build configuration list for PBXProject "wavelet" */;
			compatibilityVersion = "Xcode 3.2";
			developmentRegion = English;
			hasScannedForEncodings = 0;
			knownRegions = (
				en,
			);
			mainGroup = CDF7043E1DBF1B5D0000807E;
			productRefGroup = CDF704481DBF1B5D0000807E /* Products */;
			projectDirPath = "";
			projectRoot = "";
			targets = (
				CDF704461DBF1B5D0000807E /* wavelet */,
			);
		};
/* End PBXProject section */

/* Begin PBXSourcesBuildPhase section */
		CDF704431DBF1B5D0000807E /* Sources */ = {
			isa = PBXSourcesBuildPhase;
			buildActionMask = 2147483647;
			files = (
				CD3A38CE1DBFFE1F00642C27 /* waveletFilter.h in Sources */,
				CDF7044B1DBF1B5D0000807E /* main.cpp in Sources */,
				CDCE027A1DC0171200FE53FC /* waveletTransform.h in Sources */,
			);
			runOnlyForDeploymentPostprocessing = 0;
		};
/* End PBXSourcesBuildPhase section */

/* Begin XCBuildConfiguration section */
		CDF7044C1DBF1B5D0000807E /* Debug */ = {
			isa = XCBuildConfiguration;
			buildSettings = {
				ALWAYS_SEARCH_USER_PATHS = NO;
				CLANG_ANALYZER_NONNULL = YES;
				CLANG_CXX_LANGUAGE_STANDARD = "gnu++0x";
				CLANG_CXX_LIBRARY = "libc++";
				CLANG_ENABLE_MODULES = YES;
				CLANG_ENABLE_OBJC_ARC = YES;
				CLANG_WARN_BOOL_CONVERSION = YES;
				CLANG_WARN_CONSTANT_CONVERSION = YES;
				CLANG_WARN_DIRECT_OBJC_ISA_USAGE = YES_ERROR;
				CLANG_WARN_DOCUMENTATION_COMMENTS = YES;
				CLANG_WARN_EMPTY_BODY = YES;
				CLANG_WARN_ENUM_CONVERSION = YES;
				CLANG_WARN_INFINITE_RECURSION = YES;
				CLANG_WARN_INT_CONVERSION = YES;
				CLANG_WARN_OBJC_ROOT_CLASS = YES_ERROR;
				CLANG_WARN_SUSPICIOUS_MOVES = YES;
				CLANG_WARN_UNREACHABLE_CODE = YES;
				CLANG_WARN__DUPLICATE_METHOD_MATCH = YES;
				CODE_SIGN_IDENTITY = "-";
				COPY_PHASE_STRIP = NO;
				DEBUG_INFORMATION_FORMAT = dwarf;
				ENABLE_STRICT_OBJC_MSGSEND = YES;
				ENABLE_TESTABILITY = YES;
				GCC_C_LANGUAGE_STANDARD = gnu99;
				GCC_DYNAMIC_NO_PIC = NO;
				GCC_NO_COMMON_BLOCKS = YES;
				GCC_OPTIMIZATION_LEVEL = 0;
				GCC_PREPROCESSOR_DEFINITIONS = (
					"DEBUG=1",
					"$(inherited)",
				);
				GCC_WARN_64_TO_32_BIT_CONVERSION = YES;
				GCC_WARN_ABOUT_RETURN_TYPE = YES_ERROR;
				GCC_WARN_UNDECLARED_SELECTOR = YES;
				GCC_WARN_UNINITIALIZED_AUTOS = YES_AGGRESSIVE;
				GCC_WARN_UNUSED_FUNCTION = YES;
				GCC_WARN_UNUSED_VARIABLE = YES;
				MACOSX_DEPLOYMENT_TARGET = 10.12;
				MTL_ENABLE_DEBUG_INFO = YES;
				ONLY_ACTIVE_ARCH = YES;
				SDKROOT = macosx;
			};
			name = Debug;
		};
		CDF7044D1DBF1B5D0000807E /* Release */ = {
			isa = XCBuildConfiguration;
			buildSettings = {
				ALWAYS_SEARCH_USER_PATHS = NO;
				CLANG_ANALYZER_NONNULL = YES;
				CLANG_CXX_LANGUAGE_STANDARD = "gnu++0x";
				CLANG_CXX_LIBRARY = "libc++";
				CLANG_ENABLE_MODULES = YES;
				CLANG_ENABLE_OBJC_ARC = YES;
				CLANG_WARN_BOOL_CONVERSION = YES;
				CLANG_WARN_CONSTANT_CONVERSION = YES;
				CLANG_WARN_DIRECT_OBJC_ISA_USAGE = YES_ERROR;
				CLANG_WARN_DOCUMENTATION_COMMENTS = YES;
				CLANG_WARN_EMPTY_BODY = YES;
				CLANG_WARN_ENUM_CONVERSION = YES;
				CLANG_WARN_INFINITE_RECURSION = YES;
				CLANG_WARN_INT_CONVERSION = YES;
				CLANG_WARN_OBJC_ROOT_CLASS = YES_ERROR;
				CLANG_WARN_SUSPICIOUS_MOVES = YES;
				CLANG_WARN_UNREACHABLE_CODE = YES;
				CLANG_WARN__DUPLICATE_METHOD_MATCH = YES;
				CODE_SIGN_IDENTITY = "-";
				COPY_PHASE_STRIP = NO;
				DEBUG_INFORMATION_FORMAT = "dwarf-with-dsym";
				ENABLE_NS_ASSERTIONS = NO;
				ENABLE_STRICT_OBJC_MSGSEND = YES;
				GCC_C_LANGUAGE_STANDARD = gnu99;
				GCC_NO_COMMON_BLOCKS = YES;
				GCC_WARN_64_TO_32_BIT_CONVERSION = YES;
				GCC_WARN_ABOUT_RETURN_TYPE = YES_ERROR;
				GCC_WARN_UNDECLARED_SELECTOR = YES;
				GCC_WARN_UNINITIALIZED_AUTOS = YES_AGGRESSIVE;
				GCC_WARN_UNUSED_FUNCTION = YES;
				GCC_WARN_UNUSED_VARIABLE = YES;
				MACOSX_DEPLOYMENT_TARGET = 10.12;
				MTL_ENABLE_DEBUG_INFO = NO;
				SDKROOT = macosx;
			};
			name = Release;
		};
		CDF7044F1DBF1B5D0000807E /* Debug */ = {
			isa = XCBuildConfiguration;
			buildSettings = {
				PRODUCT_NAME = "$(TARGET_NAME)";
			};
			name = Debug;
		};
		CDF704501DBF1B5D0000807E /* Release */ = {
			isa = XCBuildConfiguration;
			buildSettings = {
				PRODUCT_NAME = "$(TARGET_NAME)";
			};
			name = Release;
		};
/* End XCBuildConfiguration section */

/* Begin XCConfigurationList section */
		CDF704421DBF1B5D0000807E /* Build configuration list for PBXProject "wavelet" */ = {
			isa = XCConfigurationList;
			buildConfigurations = (
				CDF7044C1DBF1B5D0000807E /* Debug */,
				CDF7044D1DBF1B5D0000807E /* Release */,
			);
			defaultConfigurationIsVisible = 0;
			defaultConfigurationName = Release;
		};
		CDF7044E1DBF1B5D0000807E /* Build configuration list for PBXNativeTarget "wavelet" */ = {
			isa = XCConfigurationList;
			buildConfigurations = (
				CDF7044F1DBF1B5D0000807E /* Debug */,
				CDF704501DBF1B5D0000807E /* Release */,
			);
			defaultConfigurationIsVisible = 0;
			defaultConfigurationName = Release;
		};
/* End XCConfigurationList section */
	};
	rootObject = CDF7043F1DBF1B5D0000807E /* Project object */;
}
